
Microsoft Visual Studio Solution File, Format Version 12.00
Project("{F2A71F9B-5D33-465A-A702-920D77279786}") = "Primality", "Primality\Primality.fsproj", "{7B3B5D02-64B1-4B3C-BFB6-2DE99FD57F8D}"
EndProject
Project("{F2A71F9B-5D33-465A-A702-920D77279786}") = "Test", "Test\Test.fsproj", "{C538C439-107D-4900-93FF-B68098642E31}"
EndProject
Global
	GlobalSection(SolutionConfigurationPlatforms) = preSolution
		Debug|Any CPU = Debug|Any CPU
		Release|Any CPU = Release|Any CPU
	EndGlobalSection
	GlobalSection(ProjectConfigurationPlatforms) = postSolution
		{7B3B5D02-64B1-4B3C-BFB6-2DE99FD57F8D}.Debug|Any CPU.ActiveCfg = Debug|Any CPU
		{7B3B5D02-64B1-4B3C-BFB6-2DE99FD57F8D}.Debug|Any CPU.Build.0 = Debug|Any CPU
		{7B3B5D02-64B1-4B3C-BFB6-2DE99FD57F8D}.Release|Any CPU.ActiveCfg = Release|Any CPU
		{7B3B5D02-64B1-4B3C-BFB6-2DE99FD57F8D}.Release|Any CPU.Build.0 = Release|Any CPU
		{C538C439-107D-4900-93FF-B68098642E31}.Debug|Any CPU.ActiveCfg = Debug|Any CPU
		{C538C439-107D-4900-93FF-B68098642E31}.Debug|Any CPU.Build.0 = Debug|Any CPU
		{C538C439-107D-4900-93FF-B68098642E31}.Release|Any CPU.ActiveCfg = Release|Any CPU
		{C538C439-107D-4900-93FF-B68098642E31}.Release|Any CPU.Build.0 = Release|Any CPU
	EndGlobalSection
EndGlobal
